# THIS IS AN AUTOGENERATED FILE. DO NOT EDIT THIS FILE DIRECTLY.
# yarn lockfile v1


"@babel/runtime@^7.23.2":
  version "7.23.2"
  resolved "https://registry.npmjs.org/@babel/runtime/-/runtime-7.23.2.tgz#062b0ac103261d68a966c4c7baf2ae3e62ec3885"
  integrity sha512-mM8eg4yl5D6i3lu2QKPuPH4FArvJ8KhTofbE7jwMUv9KX5mBvwPAqnV3MlyBNqdp9RyRKP6Yck8TrfYrPvX3bg==
  dependencies:
    regenerator-runtime "^0.14.0"

"@emotion/cache@^11.11.0":
  version "11.11.0"
  resolved "https://registry.npmjs.org/@emotion/cache/-/cache-11.11.0.tgz#809b33ee6b1cb1a625fef7a45bc568ccd9b8f3ff"
  integrity sha512-P34z9ssTCBi3e9EI1ZsWpNHcfY1r09ZO0rZbRO2ob3ZQMnFI35jB536qoXbkdesr5EUhYi22anuEJuyxifaqAQ==
  dependencies:
    "@emotion/memoize" "^0.8.1"
    "@emotion/sheet" "^1.2.2"
    "@emotion/utils" "^1.2.1"
    "@emotion/weak-memoize" "^0.3.1"
    stylis "4.2.0"

"@emotion/memoize@^0.8.1":
  version "0.8.1"
  resolved "https://registry.npmjs.org/@emotion/memoize/-/memoize-0.8.1.tgz#c1ddb040429c6d21d38cc945fe75c818cfb68e17"
  integrity sha512-W2P2c/VRW1/1tLox0mVUalvnWXxavmv/Oum2aPsRcoDJuob75FC3Y8FbpfLwUegRcxINtGUMPq0tFCvYNTBXNA==

"@emotion/sheet@^1.2.2":
  version "1.2.2"
  resolved "https://registry.npmjs.org/@emotion/sheet/-/sheet-1.2.2.tgz#d58e788ee27267a14342303e1abb3d508b6d0fec"
  integrity sha512-0QBtGvaqtWi+nx6doRwDdBIzhNdZrXUppvTM4dtZZWEGTXL/XE/yJxLMGlDT1Gt+UHH5IX1n+jkXyytE/av7OA==

"@emotion/utils@^1.2.1":
  version "1.2.1"
  resolved "https://registry.npmjs.org/@emotion/utils/-/utils-1.2.1.tgz#bbab58465738d31ae4cb3dbb6fc00a5991f755e4"
  integrity sha512-Y2tGf3I+XVnajdItskUCn6LX+VUDmP6lTL4fcqsXAv43dnlbZiuW4MWQW38rW/BVWSE7Q/7+XQocmpnRYILUmg==

"@emotion/weak-memoize@^0.3.1":
  version "0.3.1"
  resolved "https://registry.npmjs.org/@emotion/weak-memoize/-/weak-memoize-0.3.1.tgz#d0fce5d07b0620caa282b5131c297bb60f9d87e6"
  integrity sha512-EsBwpc7hBUJWAsNPBmJy4hxWx12v6bshQsldrVmjxJoc3isbxhOrF2IcCpaXxfvq03NwkI7sbsOLXbYuqF/8Ww==

"@floating-ui/core@^1.4.2":
  version "1.5.0"
  resolved "https://registry.npmjs.org/@floating-ui/core/-/core-1.5.0.tgz#5c05c60d5ae2d05101c3021c1a2a350ddc027f8c"
  integrity sha512-kK1h4m36DQ0UHGj5Ah4db7R0rHemTqqO0QLvUqi1/mUUp3LuAWbWxdxSIf/XsnH9VS6rRVPLJCncjRzUvyCLXg==
  dependencies:
    "@floating-ui/utils" "^0.1.3"

"@floating-ui/dom@^1.5.1":
  version "1.5.3"
  resolved "https://registry.npmjs.org/@floating-ui/dom/-/dom-1.5.3.tgz#54e50efcb432c06c23cd33de2b575102005436fa"
  integrity sha512-ClAbQnEqJAKCJOEbbLo5IUlZHkNszqhuxS4fHAVxRPXPya6Ysf2G8KypnYcOTpx6I8xcgF9bbHb6g/2KpbV8qA==
  dependencies:
    "@floating-ui/core" "^1.4.2"
    "@floating-ui/utils" "^0.1.3"

"@floating-ui/react-dom@^2.0.2":
  version "2.0.4"
  resolved "https://registry.npmjs.org/@floating-ui/react-dom/-/react-dom-2.0.4.tgz#b076fafbdfeb881e1d86ae748b7ff95150e9f3ec"
  integrity sha512-CF8k2rgKeh/49UrnIBs4BdxPUV6vize/Db1d/YbCLyp9GiVZ0BEwf5AiDSxJRCr6yOkGqTFHtmrULxkEfYZ7dQ==
  dependencies:
    "@floating-ui/dom" "^1.5.1"

"@floating-ui/utils@^0.1.3":
  version "0.1.6"
  resolved "https://registry.npmjs.org/@floating-ui/utils/-/utils-0.1.6.tgz#22958c042e10b67463997bd6ea7115fe28cbcaf9"
  integrity sha512-OfX7E2oUDYxtBvsuS4e/jSn4Q9Qb6DzgeYtsAdkPZ47znpoNsMgZw0+tVijiv3uGNR6dgNlty6r9rzIzHjtd/A==

"@fullcalendar/core@^6.1.9":
  version "6.1.9"
  resolved "https://registry.npmjs.org/@fullcalendar/core/-/core-6.1.9.tgz#ea735b0dd0a0a487969ebbb6c99b0967e07568c0"
  integrity sha512-eeG+z9BWerdsU9Ac6j16rpYpPnE0wxtnEHiHrh/u/ADbGTR3hCOjCD9PxQOfhOTHbWOVs7JQunGcksSPu5WZBQ==
  dependencies:
    preact "~10.12.1"

"@fullcalendar/daygrid@^6.1.9", "@fullcalendar/daygrid@~6.1.9":
  version "6.1.9"
  resolved "https://registry.npmjs.org/@fullcalendar/daygrid/-/daygrid-6.1.9.tgz#efb8aabb2f928ac0b05a77c5443accb546ae5818"
  integrity sha512-o/6joH/7lmVHXAkbaa/tUbzWYnGp/LgfdiFyYPkqQbjKEeivNZWF1WhHqFbhx0zbFONSHtrvkjY2bjr+Ef2quQ==

"@fullcalendar/interaction@^6.1.9":
  version "6.1.9"
  resolved "https://registry.npmjs.org/@fullcalendar/interaction/-/interaction-6.1.9.tgz#9023922df24c296cb7f4671887f1731f5d5a5db2"
  integrity sha512-I3FGnv0kKZpIwujg3HllbKrciNjTqeTYy3oJG226oAn7lV6wnrrDYMmuGmA0jPJAGN46HKrQqKN7ItxQRDec4Q==

"@fullcalendar/react@^6.1.9":
  version "6.1.9"
  resolved "https://registry.npmjs.org/@fullcalendar/react/-/react-6.1.9.tgz#280fd543901d792c19b50f363c55cc3068917299"
  integrity sha512-ioxu0V++pYz2u/N1LL1V8DkMyiKGRun0gMAll2tQz3Kzi3r9pTwncGKRb1zO8h0e+TrInU08ywk/l5lBwp7eog==

"@fullcalendar/timegrid@^6.1.9":
  version "6.1.9"
  resolved "https://registry.npmjs.org/@fullcalendar/timegrid/-/timegrid-6.1.9.tgz#83b61ac734638d11182aeb579b638fa0bc52ea32"
  integrity sha512-le7UV05wVE1Trdr054kgJXTwa+A1pEI8nlCBnPWdcyrL+dTLoPvQ4AWEVCnV7So+4zRYaCqnqGXfCJsj0RQa0g==
  dependencies:
    "@fullcalendar/daygrid" "~6.1.9"

"@mui/base@5.0.0-beta.23":
  version "5.0.0-beta.23"
  resolved "https://registry.npmjs.org/@mui/base/-/base-5.0.0-beta.23.tgz#dd10dfc609d8937749521f940965f757fa3c0f2c"
  integrity sha512-9L8SQUGAWtd/Qi7Qem26+oSSgpY7f2iQTuvcz/rsGpyZjSomMMO6lwYeQSA0CpWM7+aN7eGoSY/WV6wxJiIxXw==
  dependencies:
    "@babel/runtime" "^7.23.2"
    "@floating-ui/react-dom" "^2.0.2"
    "@mui/types" "^7.2.8"
    "@mui/utils" "^5.14.17"
    "@popperjs/core" "^2.11.8"
    clsx "^2.0.0"
    prop-types "^15.8.1"

"@mui/core-downloads-tracker@^5.14.17":
  version "5.14.17"
  resolved "https://registry.npmjs.org/@mui/core-downloads-tracker/-/core-downloads-tracker-5.14.17.tgz#68ec40ea00832fb685f09bd493648b1f68f5baf4"
  integrity sha512-eE0uxrpJAEL2ZXkeGLKg8HQDafsiXY+6eNpP4lcv3yIjFfGbU6Hj9/P7Adt8jpU+6JIhmxvILGj2r27pX+zdrQ==

"@mui/joy@^5.0.0-beta.14":
  version "5.0.0-beta.14"
  resolved "https://registry.npmjs.org/@mui/joy/-/joy-5.0.0-beta.14.tgz#ff3d6fd5948f1291d8b4f52fbb7527836376ff0b"
  integrity sha512-5N4tHgla/YGLRArcDb2GIgz8keXGXOeIdFVyP3hW1IZac0xJpiOuQNelxG9CVcZfEEAZ2V3r22ai7O2yq/8q+A==
  dependencies:
    "@babel/runtime" "^7.23.2"
    "@mui/base" "5.0.0-beta.23"
    "@mui/core-downloads-tracker" "^5.14.17"
    "@mui/system" "^5.14.17"
    "@mui/types" "^7.2.8"
    "@mui/utils" "^5.14.17"
    clsx "^2.0.0"
    prop-types "^15.8.1"

"@mui/private-theming@^5.14.17":
  version "5.14.17"
  resolved "https://registry.npmjs.org/@mui/private-theming/-/private-theming-5.14.17.tgz#2fdf9d7df54dcb27e8ae7e00f440eb8310376ec3"
  integrity sha512-u4zxsCm9xmQrlhVPug+Ccrtsjv7o2+rehvrgHoh0siSguvVgVQq5O3Hh10+tp/KWQo2JR4/nCEwquSXgITS1+g==
  dependencies:
    "@babel/runtime" "^7.23.2"
    "@mui/utils" "^5.14.17"
    prop-types "^15.8.1"

"@mui/styled-engine@^5.14.17":
  version "5.14.17"
  resolved "https://registry.npmjs.org/@mui/styled-engine/-/styled-engine-5.14.17.tgz#7f79d863604076db5278bd38a2eeac44cd2ed336"
  integrity sha512-AqpVjBEA7wnBvKPW168bNlqB6EN7HxTjLOY7oi275AzD/b1C7V0wqELy6NWoJb2yya5sRf7ENf4iNi3+T5cOgw==
  dependencies:
    "@babel/runtime" "^7.23.2"
    "@emotion/cache" "^11.11.0"
    csstype "^3.1.2"
    prop-types "^15.8.1"

"@mui/system@^5.14.17":
  version "5.14.17"
  resolved "https://registry.npmjs.org/@mui/system/-/system-5.14.17.tgz#3e212d1e699d4c777bbe5c6584ae129b1ef7d8bc"
  integrity sha512-Ccz3XlbCqka6DnbHfpL3o3TfOeWQPR+ewvNAgm8gnS9M0yVMmzzmY6z0w/C1eebb+7ZP7IoLUj9vojg/GBaTPg==
  dependencies:
    "@babel/runtime" "^7.23.2"
    "@mui/private-theming" "^5.14.17"
    "@mui/styled-engine" "^5.14.17"
    "@mui/types" "^7.2.8"
    "@mui/utils" "^5.14.17"
    clsx "^2.0.0"
    csstype "^3.1.2"
    prop-types "^15.8.1"

"@mui/types@^7.2.8":
  version "7.2.8"
  resolved "https://registry.npmjs.org/@mui/types/-/types-7.2.8.tgz#2ed4402f104d65fcd4f460ca358654c8935e2285"
  integrity sha512-9u0ji+xspl96WPqvrYJF/iO+1tQ1L5GTaDOeG3vCR893yy7VcWwRNiVMmPdPNpMDqx0WV1wtEW9OMwK9acWJzQ==

"@mui/utils@^5.14.17":
  version "5.14.17"
  resolved "https://registry.npmjs.org/@mui/utils/-/utils-5.14.17.tgz#8e2e7ca58865119eec8c6bdb359f539c25aaf576"
  integrity sha512-yxnWgSS4J6DMFPw2Dof85yBkG02VTbEiqsikymMsnZnXDurtVGTIhlNuV24GTmFTuJMzEyTTU9UF+O7zaL8LEQ==
  dependencies:
    "@babel/runtime" "^7.23.2"
    "@types/prop-types" "^15.7.9"
    prop-types "^15.8.1"
    react-is "^18.2.0"

"@popperjs/core@^2.11.8":
  version "2.11.8"
  resolved "https://registry.npmjs.org/@popperjs/core/-/core-2.11.8.tgz#6b79032e760a0899cd4204710beede972a3a185f"
  integrity sha512-P1st0aksCrn9sGZhp8GMYwBnQsbvAWsZAX44oXNNvLHGqAOcoVxmjZiohstwQ7SqKnbR47akdNi+uleWD8+g6A==

"@types/prop-types@^15.7.9":
  version "15.7.10"
  resolved "https://registry.npmjs.org/@types/prop-types/-/prop-types-15.7.10.tgz#892afc9332c4d62a5ea7e897fe48ed2085bbb08a"
  integrity sha512-mxSnDQxPqsZxmeShFH+uwQ4kO4gcJcGahjjMFeLbKE95IAZiiZyiEepGZjtXJ7hN/yfu0bu9xN2ajcU0JcxX6A==

clsx@^2.0.0:
  version "2.0.0"
  resolved "https://registry.npmjs.org/clsx/-/clsx-2.0.0.tgz#12658f3fd98fafe62075595a5c30e43d18f3d00b"
  integrity sha512-rQ1+kcj+ttHG0MKVGBUXwayCCF1oh39BF5COIpRzuCEv8Mwjv0XucrI2ExNTOn9IlLifGClWQcU9BrZORvtw6Q==

csstype@^3.1.2:
  version "3.1.2"
  resolved "https://registry.npmjs.org/csstype/-/csstype-3.1.2.tgz#1d4bf9d572f11c14031f0436e1c10bc1f571f50b"
  integrity sha512-I7K1Uu0MBPzaFKg4nI5Q7Vs2t+3gWWW648spaF+Rg7pI9ds18Ugn+lvg4SHczUdKlHI5LWBXyqfS8+DufyBsgQ==

"js-tokens@^3.0.0 || ^4.0.0":
  version "4.0.0"
  resolved "https://registry.npmjs.org/js-tokens/-/js-tokens-4.0.0.tgz#19203fb59991df98e3a287050d4647cdeaf32499"
  integrity sha512-RdJUflcE3cUzKiMqQgsCu06FPu9UdIJO0beYbPhHN4k6apgJtifcoCtT9bcxOpYBtpD2kCM6Sbzg4CausW/PKQ==

loose-envify@^1.4.0:
  version "1.4.0"
  resolved "https://registry.npmjs.org/loose-envify/-/loose-envify-1.4.0.tgz#71ee51fa7be4caec1a63839f7e682d8132d30caf"
  integrity sha512-lyuxPGr/Wfhrlem2CL/UcnUc1zcqKAImBDzukY7Y5F/yQiNdko6+fRLevlw1HgMySw7f611UIY408EtxRSoK3Q==
  dependencies:
    js-tokens "^3.0.0 || ^4.0.0"

object-assign@^4.1.1:
  version "4.1.1"
  resolved "https://registry.npmjs.org/object-assign/-/object-assign-4.1.1.tgz#2109adc7965887cfc05cbbd442cac8bfbb360863"
  integrity sha512-rJgTQnkUnH1sFw8yT6VSU3zD3sWmu6sZhIseY8VX+GRu3P6F7Fu+JNDoXfklElbLJSnc3FUQHVe4cU5hj+BcUg==

preact@~10.12.1:
  version "10.12.1"
  resolved "https://registry.npmjs.org/preact/-/preact-10.12.1.tgz#8f9cb5442f560e532729b7d23d42fd1161354a21"
  integrity sha512-l8386ixSsBdbreOAkqtrwqHwdvR35ID8c3rKPa8lCWuO86dBi32QWHV4vfsZK1utLLFMvw+Z5Ad4XLkZzchscg==

prop-types@^15.8.1:
  version "15.8.1"
  resolved "https://registry.npmjs.org/prop-types/-/prop-types-15.8.1.tgz#67d87bf1a694f48435cf332c24af10214a3140b5"
  integrity sha512-oj87CgZICdulUohogVAR7AjlC0327U4el4L6eAvOqCeudMDVU0NThNaV+b9Df4dXgSP1gXMTnPdhfe/2qDH5cg==
  dependencies:
    loose-envify "^1.4.0"
    object-assign "^4.1.1"
    react-is "^16.13.1"

react-is@^16.13.1:
  version "16.13.1"
  resolved "https://registry.npmjs.org/react-is/-/react-is-16.13.1.tgz#789729a4dc36de2999dc156dd6c1d9c18cea56a4"
  integrity sha512-24e6ynE2H+OKt4kqsOvNd8kBpV65zoxbA4BVsEOB3ARVWQki/DHzaUoC5KuON/BiccDaCCTZBuOcfZs70kR8bQ==

react-is@^18.2.0:
  version "18.2.0"
  resolved "https://registry.npmjs.org/react-is/-/react-is-18.2.0.tgz#199431eeaaa2e09f86427efbb4f1473edb47609b"
  integrity sha512-xWGDIW6x921xtzPkhiULtthJHoJvBbF3q26fzloPCK0hsvxtPVelvftw3zjbHWSkR2km9Z+4uxbDDK/6Zw9B8w==

regenerator-runtime@^0.14.0:
  version "0.14.0"
  resolved "https://registry.npmjs.org/regenerator-runtime/-/regenerator-runtime-0.14.0.tgz#5e19d68eb12d486f797e15a3c6a918f7cec5eb45"
  integrity sha512-srw17NI0TUWHuGa5CFGGmhfNIeja30WMBfbslPNhf6JrqQlLN5gcrvig1oqPxiVaXb0oW0XRKtH6Nngs5lKCIA==

stylis@4.2.0:
  version "4.2.0"
  resolved "https://registry.npmjs.org/stylis/-/stylis-4.2.0.tgz#79daee0208964c8fe695a42fcffcac633a211a51"
  integrity sha512-Orov6g6BB1sDfYgzWfTHDOxamtX1bE/zo104Dh9e6fqJ3PooipYyfJ0pUmrZO2wAvO8YbEyeFrkV91XTsGMSrw==

use-sync-external-store@1.2.0:
  version "1.2.0"
  resolved "https://registry.npmjs.org/use-sync-external-store/-/use-sync-external-store-1.2.0.tgz#7dbefd6ef3fe4e767a0cf5d7287aacfb5846928a"
  integrity sha512-eEgnFxGQ1Ife9bzYs6VLi8/4X6CObHMw9Qr9tPY43iKwsPw8xE8+EFsf/2cFZ5S3esXgpWgtSCtLNS41F+sKPA==

zustand@^4.4.6:
  version "4.4.6"
  resolved "https://registry.npmjs.org/zustand/-/zustand-4.4.6.tgz#03c78e3e2686c47095c93714c0c600b72a6512bd"
  integrity sha512-Rb16eW55gqL4W2XZpJh0fnrATxYEG3Apl2gfHTyDSE965x/zxslTikpNch0JgNjJA9zK6gEFW8Fl6d1rTZaqgg==
  dependencies:
    use-sync-external-store "1.2.0"
