# THIS IS AN AUTOGENERATED FILE. DO NOT EDIT THIS FILE DIRECTLY.
# yarn lockfile v1


"@fullcalendar/core@^6.1.9":
  version "6.1.9"
  resolved "https://registry.npmjs.org/@fullcalendar/core/-/core-6.1.9.tgz#ea735b0dd0a0a487969ebbb6c99b0967e07568c0"
  integrity sha512-eeG+z9BWerdsU9Ac6j16rpYpPnE0wxtnEHiHrh/u/ADbGTR3hCOjCD9PxQOfhOTHbWOVs7JQunGcksSPu5WZBQ==
  dependencies:
    preact "~10.12.1"

"@fullcalendar/daygrid@^6.1.9", "@fullcalendar/daygrid@~6.1.9":
  version "6.1.9"
  resolved "https://registry.npmjs.org/@fullcalendar/daygrid/-/daygrid-6.1.9.tgz#efb8aabb2f928ac0b05a77c5443accb546ae5818"
  integrity sha512-o/6joH/7lmVHXAkbaa/tUbzWYnGp/LgfdiFyYPkqQbjKEeivNZWF1WhHqFbhx0zbFONSHtrvkjY2bjr+Ef2quQ==

"@fullcalendar/interaction@^6.1.9":
  version "6.1.9"
  resolved "https://registry.npmjs.org/@fullcalendar/interaction/-/interaction-6.1.9.tgz#9023922df24c296cb7f4671887f1731f5d5a5db2"
  integrity sha512-I3FGnv0kKZpIwujg3HllbKrciNjTqeTYy3oJG226oAn7lV6wnrrDYMmuGmA0jPJAGN46HKrQqKN7ItxQRDec4Q==

"@fullcalendar/react@^6.1.9":
  version "6.1.9"
  resolved "https://registry.npmjs.org/@fullcalendar/react/-/react-6.1.9.tgz#280fd543901d792c19b50f363c55cc3068917299"
  integrity sha512-ioxu0V++pYz2u/N1LL1V8DkMyiKGRun0gMAll2tQz3Kzi3r9pTwncGKRb1zO8h0e+TrInU08ywk/l5lBwp7eog==

"@fullcalendar/timegrid@^6.1.9":
  version "6.1.9"
  resolved "https://registry.npmjs.org/@fullcalendar/timegrid/-/timegrid-6.1.9.tgz#83b61ac734638d11182aeb579b638fa0bc52ea32"
  integrity sha512-le7UV05wVE1Trdr054kgJXTwa+A1pEI8nlCBnPWdcyrL+dTLoPvQ4AWEVCnV7So+4zRYaCqnqGXfCJsj0RQa0g==
  dependencies:
    "@fullcalendar/daygrid" "~6.1.9"

preact@~10.12.1:
  version "10.12.1"
  resolved "https://registry.npmjs.org/preact/-/preact-10.12.1.tgz#8f9cb5442f560e532729b7d23d42fd1161354a21"
  integrity sha512-l8386ixSsBdbreOAkqtrwqHwdvR35ID8c3rKPa8lCWuO86dBi32QWHV4vfsZK1utLLFMvw+Z5Ad4XLkZzchscg==

use-sync-external-store@1.2.0:
  version "1.2.0"
  resolved "https://registry.npmjs.org/use-sync-external-store/-/use-sync-external-store-1.2.0.tgz#7dbefd6ef3fe4e767a0cf5d7287aacfb5846928a"
  integrity sha512-eEgnFxGQ1Ife9bzYs6VLi8/4X6CObHMw9Qr9tPY43iKwsPw8xE8+EFsf/2cFZ5S3esXgpWgtSCtLNS41F+sKPA==

zustand@^4.4.6:
  version "4.4.6"
  resolved "https://registry.npmjs.org/zustand/-/zustand-4.4.6.tgz#03c78e3e2686c47095c93714c0c600b72a6512bd"
  integrity sha512-Rb16eW55gqL4W2XZpJh0fnrATxYEG3Apl2gfHTyDSE965x/zxslTikpNch0JgNjJA9zK6gEFW8Fl6d1rTZaqgg==
  dependencies:
    use-sync-external-store "1.2.0"
